
Microsoft Visual Studio Solution File, Format Version 12.00
# Visual Studio Version 17
VisualStudioVersion = 17.7.34031.279
MinimumVisualStudioVersion = 10.0.40219.1
Project("{FAE04EC0-301F-11D3-BF4B-00C04F79EFBC}") = "WebUI", "WebUI\WebUI.csproj", "{EDA5699D-C0FD-4A80-9DF2-02941D1DB693}"
EndProject
Project("{FAE04EC0-301F-11D3-BF4B-00C04F79EFBC}") = "DataAccess", "DataAccess\DataAccess.csproj", "{B6445290-B6FA-4A25-9FDA-A7F5BADF4311}"
EndProject
Project("{FAE04EC0-301F-11D3-BF4B-00C04F79EFBC}") = "Business", "Business\Business.csproj", "{10346711-8767-4D76-AF0F-D1BB1EA253E5}"
EndProject
Project("{FAE04EC0-301F-11D3-BF4B-00C04F79EFBC}") = "Models", "Models\Models.csproj", "{3261A9FC-D6B9-4840-905E-24F088FC753A}"
EndProject
Project("{FAE04EC0-301F-11D3-BF4B-00C04F79EFBC}") = "Core", "Core\Core.csproj", "{74045BC4-9645-48D7-BC50-4A31294F79F9}"
EndProject
Global
	GlobalSection(SolutionConfigurationPlatforms) = preSolution
		Debug|Any CPU = Debug|Any CPU
		Release|Any CPU = Release|Any CPU
	EndGlobalSection
	GlobalSection(ProjectConfigurationPlatforms) = postSolution
		{EDA5699D-C0FD-4A80-9DF2-02941D1DB693}.Debug|Any CPU.ActiveCfg = Debug|Any CPU
		{EDA5699D-C0FD-4A80-9DF2-02941D1DB693}.Debug|Any CPU.Build.0 = Debug|Any CPU
		{EDA5699D-C0FD-4A80-9DF2-02941D1DB693}.Release|Any CPU.ActiveCfg = Release|Any CPU
		{EDA5699D-C0FD-4A80-9DF2-02941D1DB693}.Release|Any CPU.Build.0 = Release|Any CPU
		{B6445290-B6FA-4A25-9FDA-A7F5BADF4311}.Debug|Any CPU.ActiveCfg = Debug|Any CPU
		{B6445290-B6FA-4A25-9FDA-A7F5BADF4311}.Debug|Any CPU.Build.0 = Debug|Any CPU
		{B6445290-B6FA-4A25-9FDA-A7F5BADF4311}.Release|Any CPU.ActiveCfg = Release|Any CPU
		{B6445290-B6FA-4A25-9FDA-A7F5BADF4311}.Release|Any CPU.Build.0 = Release|Any CPU
		{10346711-8767-4D76-AF0F-D1BB1EA253E5}.Debug|Any CPU.ActiveCfg = Debug|Any CPU
		{10346711-8767-4D76-AF0F-D1BB1EA253E5}.Debug|Any CPU.Build.0 = Debug|Any CPU
		{10346711-8767-4D76-AF0F-D1BB1EA253E5}.Release|Any CPU.ActiveCfg = Release|Any CPU
		{10346711-8767-4D76-AF0F-D1BB1EA253E5}.Release|Any CPU.Build.0 = Release|Any CPU
		{3261A9FC-D6B9-4840-905E-24F088FC753A}.Debug|Any CPU.ActiveCfg = Debug|Any CPU
		{3261A9FC-D6B9-4840-905E-24F088FC753A}.Debug|Any CPU.Build.0 = Debug|Any CPU
		{3261A9FC-D6B9-4840-905E-24F088FC753A}.Release|Any CPU.ActiveCfg = Release|Any CPU
		{3261A9FC-D6B9-4840-905E-24F088FC753A}.Release|Any CPU.Build.0 = Release|Any CPU
		{74045BC4-9645-48D7-BC50-4A31294F79F9}.Debug|Any CPU.ActiveCfg = Debug|Any CPU
		{74045BC4-9645-48D7-BC50-4A31294F79F9}.Debug|Any CPU.Build.0 = Debug|Any CPU
		{74045BC4-9645-48D7-BC50-4A31294F79F9}.Release|Any CPU.ActiveCfg = Release|Any CPU
		{74045BC4-9645-48D7-BC50-4A31294F79F9}.Release|Any CPU.Build.0 = Release|Any CPU
	EndGlobalSection
	GlobalSection(SolutionProperties) = preSolution
		HideSolutionNode = FALSE
	EndGlobalSection
	GlobalSection(ExtensibilityGlobals) = postSolution
		SolutionGuid = {5062EFC4-2131-4F33-9F23-BB11AF124ED7}
	EndGlobalSection
EndGlobal
